
Microsoft Visual Studio Solution File, Format Version 12.00
# Visual Studio 2013
VisualStudioVersion = 12.0.21005.1
MinimumVisualStudioVersion = 10.0.40219.1
Project("{FAE04EC0-301F-11D3-BF4B-00C04F79EFBC}") = "ERPSolution", "ERPSolution\ERPSolution.csproj", "{C82DADC7-191B-4889-98F9-17B04C7974AC}"
EndProject
Project("{FAE04EC0-301F-11D3-BF4B-00C04F79EFBC}") = "ERP.Model", "ERP.Model\ERP.Model.csproj", "{47C5FE02-8F73-4FD4-94BF-56F75B8B6184}"
EndProject
Project("{FAE04EC0-301F-11D3-BF4B-00C04F79EFBC}") = "ERP.DAL", "ERP.DAL\ERP.DAL.csproj", "{0800A0A6-1DEB-42D6-99F5-4582FE39E263}"
EndProject
Global
	GlobalSection(TeamFoundationVersionControl) = preSolution
		SccNumberOfProjects = 4
		SccEnterpriseProvider = {4CA58AB2-18FA-4F8D-95D4-32DDF27D184C}
		SccTeamFoundationServer = http://erp-server:8080/tfs/defaultcollection
		SccLocalPath0 = .
		SccProjectUniqueName1 = ERP.DAL\\ERP.DAL.csproj
		SccProjectName1 = ERP.DAL
		SccLocalPath1 = ERP.DAL
		SccProjectUniqueName2 = ERP.Model\\ERP.Model.csproj
		SccProjectName2 = ERP.Model
		SccLocalPath2 = ERP.Model
		SccProjectUniqueName3 = ERPSolution\\ERPSolution.csproj
		SccProjectName3 = ERPSolution
		SccLocalPath3 = ERPSolution
	EndGlobalSection
	GlobalSection(SolutionConfigurationPlatforms) = preSolution
		Debug|Any CPU = Debug|Any CPU
		Release|Any CPU = Release|Any CPU
	EndGlobalSection
	GlobalSection(ProjectConfigurationPlatforms) = postSolution
		{C82DADC7-191B-4889-98F9-17B04C7974AC}.Debug|Any CPU.ActiveCfg = Debug|Any CPU
		{C82DADC7-191B-4889-98F9-17B04C7974AC}.Debug|Any CPU.Build.0 = Debug|Any CPU
		{C82DADC7-191B-4889-98F9-17B04C7974AC}.Release|Any CPU.ActiveCfg = Release|Any CPU
		{C82DADC7-191B-4889-98F9-17B04C7974AC}.Release|Any CPU.Build.0 = Release|Any CPU
		{47C5FE02-8F73-4FD4-94BF-56F75B8B6184}.Debug|Any CPU.ActiveCfg = Debug|Any CPU
		{47C5FE02-8F73-4FD4-94BF-56F75B8B6184}.Debug|Any CPU.Build.0 = Debug|Any CPU
		{47C5FE02-8F73-4FD4-94BF-56F75B8B6184}.Release|Any CPU.ActiveCfg = Release|Any CPU
		{47C5FE02-8F73-4FD4-94BF-56F75B8B6184}.Release|Any CPU.Build.0 = Release|Any CPU
		{0800A0A6-1DEB-42D6-99F5-4582FE39E263}.Debug|Any CPU.ActiveCfg = Debug|Any CPU
		{0800A0A6-1DEB-42D6-99F5-4582FE39E263}.Debug|Any CPU.Build.0 = Debug|Any CPU
		{0800A0A6-1DEB-42D6-99F5-4582FE39E263}.Release|Any CPU.ActiveCfg = Release|Any CPU
		{0800A0A6-1DEB-42D6-99F5-4582FE39E263}.Release|Any CPU.Build.0 = Release|Any CPU
	EndGlobalSection
	GlobalSection(SolutionProperties) = preSolution
		HideSolutionNode = FALSE
	EndGlobalSection
EndGlobal
